
Microsoft Visual Studio Solution File, Format Version 12.00
# Visual Studio 15
VisualStudioVersion = 15.0.26730.16
MinimumVisualStudioVersion = 10.0.40219.1
Project("{FAE04EC0-301F-11D3-BF4B-00C04F79EFBC}") = "AKQA.Feature.ConvertNumberToWords", "AKQA.Feature.ConvertNumberToWords\AKQA.Feature.ConvertNumberToWords.csproj", "{E709CE51-B268-4B3E-9542-C9CC7402E786}"
EndProject
Project("{FAE04EC0-301F-11D3-BF4B-00C04F79EFBC}") = "AKQA.Feature.ConvertNumberToWords.Tests", "AKQA.Feature.ConvertNumberToWords.Tests\AKQA.Feature.ConvertNumberToWords.Tests.csproj", "{A369BCAC-C372-46A0-BDF1-78756C189E10}"
EndProject
Global
	GlobalSection(SolutionConfigurationPlatforms) = preSolution
		Debug|Any CPU = Debug|Any CPU
		Release|Any CPU = Release|Any CPU
	EndGlobalSection
	GlobalSection(ProjectConfigurationPlatforms) = postSolution
		{E709CE51-B268-4B3E-9542-C9CC7402E786}.Debug|Any CPU.ActiveCfg = Debug|Any CPU
		{E709CE51-B268-4B3E-9542-C9CC7402E786}.Debug|Any CPU.Build.0 = Debug|Any CPU
		{E709CE51-B268-4B3E-9542-C9CC7402E786}.Release|Any CPU.ActiveCfg = Release|Any CPU
		{E709CE51-B268-4B3E-9542-C9CC7402E786}.Release|Any CPU.Build.0 = Release|Any CPU
		{A369BCAC-C372-46A0-BDF1-78756C189E10}.Debug|Any CPU.ActiveCfg = Debug|Any CPU
		{A369BCAC-C372-46A0-BDF1-78756C189E10}.Debug|Any CPU.Build.0 = Debug|Any CPU
		{A369BCAC-C372-46A0-BDF1-78756C189E10}.Release|Any CPU.ActiveCfg = Release|Any CPU
		{A369BCAC-C372-46A0-BDF1-78756C189E10}.Release|Any CPU.Build.0 = Release|Any CPU
	EndGlobalSection
	GlobalSection(SolutionProperties) = preSolution
		HideSolutionNode = FALSE
	EndGlobalSection
	GlobalSection(ExtensibilityGlobals) = postSolution
		SolutionGuid = {586A7D07-29C7-4A18-B12E-57F2021F6050}
	EndGlobalSection
EndGlobal
